
Microsoft Visual Studio Solution File, Format Version 12.00
# Visual Studio 15
VisualStudioVersion = 15.0.27428.2043
MinimumVisualStudioVersion = 10.0.40219.1
Project("{2150E333-8FDC-42A3-9474-1A3956D46DE8}") = "Alexa Configurations", "Alexa Configurations", "{2FAF52C5-2D1B-4489-9E64-550A158E0C3C}"
	ProjectSection(SolutionItems) = preProject
		intentSchema.json = intentSchema.json
		SampleUtterances.txt = SampleUtterances.txt
	EndProjectSection
EndProject
Project("{9A19103F-16F7-4668-BE54-9A1E7A4F7556}") = "DevOn.AskLisa.AWS.Lambda", "DevOn.AskLisa.AWS.Lambda\DevOn.AskLisa.AWS.Lambda.csproj", "{3F6107F9-A82E-4775-95EA-1676D1401DDB}"
EndProject
Global
	GlobalSection(SolutionConfigurationPlatforms) = preSolution
		Debug|Any CPU = Debug|Any CPU
		Release|Any CPU = Release|Any CPU
	EndGlobalSection
	GlobalSection(ProjectConfigurationPlatforms) = postSolution
		{3F6107F9-A82E-4775-95EA-1676D1401DDB}.Debug|Any CPU.ActiveCfg = Debug|Any CPU
		{3F6107F9-A82E-4775-95EA-1676D1401DDB}.Debug|Any CPU.Build.0 = Debug|Any CPU
		{3F6107F9-A82E-4775-95EA-1676D1401DDB}.Release|Any CPU.ActiveCfg = Release|Any CPU
		{3F6107F9-A82E-4775-95EA-1676D1401DDB}.Release|Any CPU.Build.0 = Release|Any CPU
	EndGlobalSection
	GlobalSection(SolutionProperties) = preSolution
		HideSolutionNode = FALSE
	EndGlobalSection
	GlobalSection(ExtensibilityGlobals) = postSolution
		SolutionGuid = {66FB1237-906A-444A-94C5-1DFC9B8F4F12}
	EndGlobalSection
EndGlobal
